
Microsoft Visual Studio Solution File, Format Version 12.00
# Visual Studio Version 17
VisualStudioVersion = 17.2.32516.85
MinimumVisualStudioVersion = 10.0.40219.1
Project("{9A19103F-16F7-4668-BE54-9A1E7A4F7556}") = "Lab7", "Lab7\Lab7.csproj", "{63E92B4F-8E1F-4B2F-8A85-C86C55B965BB}"
EndProject
Project("{FAE04EC0-301F-11D3-BF4B-00C04F79EFBC}") = "UnitTests", "UnitTests\UnitTests.csproj", "{152860B0-C24A-46BC-88CF-39D168644F55}"
	ProjectSection(ProjectDependencies) = postProject
		{63E92B4F-8E1F-4B2F-8A85-C86C55B965BB} = {63E92B4F-8E1F-4B2F-8A85-C86C55B965BB}
	EndProjectSection
EndProject
Global
	GlobalSection(SolutionConfigurationPlatforms) = preSolution
		Debug|Any CPU = Debug|Any CPU
		Release|Any CPU = Release|Any CPU
	EndGlobalSection
	GlobalSection(ProjectConfigurationPlatforms) = postSolution
		{63E92B4F-8E1F-4B2F-8A85-C86C55B965BB}.Debug|Any CPU.ActiveCfg = Debug|Any CPU
		{63E92B4F-8E1F-4B2F-8A85-C86C55B965BB}.Debug|Any CPU.Build.0 = Debug|Any CPU
		{63E92B4F-8E1F-4B2F-8A85-C86C55B965BB}.Release|Any CPU.ActiveCfg = Release|Any CPU
		{63E92B4F-8E1F-4B2F-8A85-C86C55B965BB}.Release|Any CPU.Build.0 = Release|Any CPU
		{152860B0-C24A-46BC-88CF-39D168644F55}.Debug|Any CPU.ActiveCfg = Debug|Any CPU
		{152860B0-C24A-46BC-88CF-39D168644F55}.Debug|Any CPU.Build.0 = Debug|Any CPU
		{152860B0-C24A-46BC-88CF-39D168644F55}.Release|Any CPU.ActiveCfg = Release|Any CPU
		{152860B0-C24A-46BC-88CF-39D168644F55}.Release|Any CPU.Build.0 = Release|Any CPU
	EndGlobalSection
	GlobalSection(SolutionProperties) = preSolution
		HideSolutionNode = FALSE
	EndGlobalSection
	GlobalSection(ExtensibilityGlobals) = postSolution
		SolutionGuid = {994F16A9-3B0D-4ADC-8C09-B2C8BFDBF7C6}
	EndGlobalSection
EndGlobal
